{
  "version": 4,
  "terraform_version": "1.15.6",
  "serial": 5,
  "lineage": "b0222340-bca8-f2e4-b027-72c6f4b4ed81",
  "outputs": {
    "vm_ip_public": {
      "value": "13.36.243.89",
      "type": "string"
    }
  },
  "resources": [
    {
      "mode": "managed",
      "type": "aws_instance",
      "name": "geoffrey_serverweb",
      "provider": "provider[\"registry.terraform.io/hashicorp/aws\"]",
      "instances": [
        {
          "schema_version": 2,
          "attributes": {
            "ami": "ami-0e207c18bb303cc68",
            "arn": "arn:aws:ec2:eu-west-3:747082607185:instance/i-061a6a2a89892b43f",
            "associate_public_ip_address": true,
            "availability_zone": "eu-west-3a",
            "capacity_reservation_specification": [
              {
                "capacity_reservation_preference": "open",
                "capacity_reservation_target": []
              }
            ],
            "cpu_options": [
              {
                "amd_sev_snp": "",
                "core_count": 1,
                "nested_virtualization": "",
                "threads_per_core": 1
              }
            ],
            "credit_specification": [
              {
                "cpu_credits": "standard"
              }
            ],
            "disable_api_stop": false,
            "disable_api_termination": false,
            "ebs_block_device": [],
            "ebs_optimized": false,
            "enable_primary_ipv6": null,
            "enclave_options": [
              {
                "enabled": false
              }
            ],
            "ephemeral_block_device": [],
            "force_destroy": false,
            "get_password_data": false,
            "hibernation": false,
            "host_id": "",
            "host_resource_group_arn": null,
            "iam_instance_profile": "",
            "id": "i-061a6a2a89892b43f",
            "instance_initiated_shutdown_behavior": "stop",
            "instance_lifecycle": "",
            "instance_market_options": [],
            "instance_state": "running",
            "instance_type": "t2.micro",
            "ipv6_address_count": 0,
            "ipv6_addresses": [],
            "key_name": "geoffrey_kp",
            "launch_template": [],
            "maintenance_options": [
              {
                "auto_recovery": "default"
              }
            ],
            "metadata_options": [
              {
                "http_endpoint": "enabled",
                "http_protocol_ipv6": "disabled",
                "http_put_response_hop_limit": 2,
                "http_tokens": "required",
                "instance_metadata_tags": "disabled"
              }
            ],
            "monitoring": false,
            "network_interface": [],
            "outpost_arn": "",
            "password_data": "",
            "placement_group": "",
            "placement_group_id": "",
            "placement_partition_number": 0,
            "primary_network_interface": [
              {
                "delete_on_termination": true,
                "network_interface_id": "eni-0a9e43a503ac034cd"
              }
            ],
            "primary_network_interface_id": "eni-0a9e43a503ac034cd",
            "private_dns": "ip-172-31-201-27.eu-west-3.compute.internal",
            "private_dns_name_options": [
              {
                "enable_resource_name_dns_a_record": false,
                "enable_resource_name_dns_aaaa_record": false,
                "hostname_type": "ip-name"
              }
            ],
            "private_ip": "172.31.201.27",
            "public_dns": "ec2-13-36-243-89.eu-west-3.compute.amazonaws.com",
            "public_ip": "13.36.243.89",
            "region": "eu-west-3",
            "root_block_device": [
              {
                "delete_on_termination": true,
                "device_name": "/dev/sda1",
                "encrypted": false,
                "iops": 3000,
                "kms_key_id": "",
                "tags": {},
                "tags_all": {},
                "throughput": 125,
                "volume_id": "vol-0b43868ab980fd035",
                "volume_size": 8,
                "volume_type": "gp3"
              }
            ],
            "secondary_network_interface": [],
            "secondary_private_ips": [],
            "security_groups": [
              "geoffrey_sg"
            ],
            "source_dest_check": true,
            "spot_instance_request_id": "",
            "subnet_id": "subnet-0b262aa3958b5b1b6",
            "tags": {
              "Name": "geoffrey_serverweb"
            },
            "tags_all": {
              "Name": "geoffrey_serverweb"
            },
            "tenancy": "default",
            "timeouts": null,
            "user_data": null,
            "user_data_base64": null,
            "user_data_replace_on_change": false,
            "volume_tags": null,
            "vpc_security_group_ids": [
              "sg-0effe2f79ceaac903"
            ]
          },
          "sensitive_attributes": [],
          "identity_schema_version": 0,
          "identity": {
            "account_id": "747082607185",
            "id": "i-061a6a2a89892b43f",
            "region": "eu-west-3"
          },
          "private": "eyJlMmJmYjczMC1lY2FhLTExZTYtOGY4OC0zNDM2M2JjN2M0YzAiOnsiY3JlYXRlIjo2MDAwMDAwMDAwMDAsImRlbGV0ZSI6MTIwMDAwMDAwMDAwMCwicmVhZCI6OTAwMDAwMDAwMDAwLCJ1cGRhdGUiOjYwMDAwMDAwMDAwMH0sInNjaGVtYV92ZXJzaW9uIjoiMiJ9",
          "dependencies": [
            "aws_key_pair.geoffrey_kp",
            "aws_security_group.geoffrey_sg",
            "aws_subnet.geoffrey_subnet"
          ]
        }
      ]
    },
    {
      "mode": "managed",
      "type": "aws_key_pair",
      "name": "geoffrey_kp",
      "provider": "provider[\"registry.terraform.io/hashicorp/aws\"]",
      "instances": [
        {
          "schema_version": 1,
          "attributes": {
            "arn": "arn:aws:ec2:eu-west-3:747082607185:key-pair/geoffrey_kp",
            "fingerprint": "39:c8:a9:e1:46:22:48:1b:29:8d:14:dc:67:34:28:5b",
            "id": "geoffrey_kp",
            "key_name": "geoffrey_kp",
            "key_name_prefix": "",
            "key_pair_id": "key-0e8a214f1abd2c0ab",
            "key_type": "rsa",
            "public_key": "ssh-rsa AAAAB3NzaC1yc2EAAAADAQABAAACAQCyIkle6ahrXX9VYjbO2rbUBEQQk3Rx8JWgAX3wNtCnrOFNXdrQ0ikTEOYqvfgkUoQ1PCXuvVr5Pf9K6RWjttwuUDLOZd04etq3cPuXvmOcBYh9/8NOJkvR7V+pD3wo5J4QZCLWhBZVsIiebEZHSdjFuoOE7vy2/J+tidm6ITXmI5uaN2+4B4m/MPVvF05UM66NGa8j/fieCjqQyUTGksDnA0YAvTynR+eHyX1TD/jBEn+S5yjfcCOroBYdka/HM8rLxdGEjMo4/Ybb9NU0HqeLgBchQRb5U1PLHlzxjpBaWDOCo1oT29mMvRglb/xTTanCOIqnXgcQjlG1j/g1mEQVQFfTb363kXCuSU5+fJQB5Io7U4uVsTW47QeYM6n6YjsY9zIhRC2VVm0wri4gtHoEG1IxqSWwUaO2sgg7oGJwx5tYa10gbdTJFDvkSrXfaO3Vu4n7gsfxoUJ2fI+O8ZsJduKaKBPvekndBxziZMSyxSHnbErQY9RO1qgWBYj+TMVjtKsXUk58OOYXrinkW075B1REhgvuG4ehPsOOJXaeldcPUNr4BUVyGcqAH5mr+oQ26IgTda0L4moz+E8MYK33SJAAf0/bOa6TeF7gLlrCwNPr7E+PF93RWn12ehGzKFIQGhf03yphmTvlCEbay9k3KSjRsPm5WromaLf4ak3Ayw== geoffrey@rouvel.fr",
            "region": "eu-west-3",
            "tags": null,
            "tags_all": {}
          },
          "sensitive_attributes": [],
          "identity_schema_version": 0,
          "private": "eyJzY2hlbWFfdmVyc2lvbiI6IjEifQ=="
        }
      ]
    },
    {
      "mode": "managed",
      "type": "aws_security_group",
      "name": "geoffrey_sg",
      "provider": "provider[\"registry.terraform.io/hashicorp/aws\"]",
      "instances": [
        {
          "schema_version": 1,
          "attributes": {
            "arn": "arn:aws:ec2:eu-west-3:747082607185:security-group/sg-0effe2f79ceaac903",
            "description": "Managed by Terraform",
            "egress": [
              {
                "cidr_blocks": [
                  "0.0.0.0/0"
                ],
                "description": "",
                "from_port": 0,
                "ipv6_cidr_blocks": [],
                "prefix_list_ids": [],
                "protocol": "-1",
                "security_groups": [],
                "self": false,
                "to_port": 0
              }
            ],
            "id": "sg-0effe2f79ceaac903",
            "ingress": [
              {
                "cidr_blocks": [
                  "0.0.0.0/0"
                ],
                "description": "",
                "from_port": 22,
                "ipv6_cidr_blocks": [],
                "prefix_list_ids": [],
                "protocol": "tcp",
                "security_groups": [],
                "self": false,
                "to_port": 22
              },
              {
                "cidr_blocks": [
                  "0.0.0.0/0"
                ],
                "description": "",
                "from_port": 80,
                "ipv6_cidr_blocks": [],
                "prefix_list_ids": [],
                "protocol": "tcp",
                "security_groups": [],
                "self": false,
                "to_port": 80
              }
            ],
            "name": "geoffrey_sg",
            "name_prefix": "",
            "owner_id": "747082607185",
            "region": "eu-west-3",
            "revoke_rules_on_delete": false,
            "tags": {
              "Name": "geoffrey_sg"
            },
            "tags_all": {
              "Name": "geoffrey_sg"
            },
            "timeouts": null,
            "vpc_id": "vpc-0ebcdb39f7a526ef9"
          },
          "sensitive_attributes": [],
          "identity_schema_version": 0,
          "identity": {
            "account_id": "747082607185",
            "id": "sg-0effe2f79ceaac903",
            "region": "eu-west-3"
          },
          "private": "eyJlMmJmYjczMC1lY2FhLTExZTYtOGY4OC0zNDM2M2JjN2M0YzAiOnsiY3JlYXRlIjo2MDAwMDAwMDAwMDAsImRlbGV0ZSI6OTAwMDAwMDAwMDAwfSwic2NoZW1hX3ZlcnNpb24iOiIxIn0="
        }
      ]
    },
    {
      "mode": "managed",
      "type": "aws_subnet",
      "name": "geoffrey_subnet",
      "provider": "provider[\"registry.terraform.io/hashicorp/aws\"]",
      "instances": [
        {
          "schema_version": 1,
          "attributes": {
            "arn": "arn:aws:ec2:eu-west-3:747082607185:subnet/subnet-0b262aa3958b5b1b6",
            "assign_ipv6_address_on_creation": false,
            "availability_zone": "eu-west-3a",
            "availability_zone_id": "euw3-az1",
            "cidr_block": "172.31.201.0/24",
            "customer_owned_ipv4_pool": "",
            "enable_dns64": false,
            "enable_lni_at_device_index": 0,
            "enable_resource_name_dns_a_record_on_launch": false,
            "enable_resource_name_dns_aaaa_record_on_launch": false,
            "id": "subnet-0b262aa3958b5b1b6",
            "ipv4_ipam_pool_id": null,
            "ipv4_netmask_length": null,
            "ipv6_cidr_block": "",
            "ipv6_cidr_block_association_id": "",
            "ipv6_ipam_pool_id": null,
            "ipv6_native": false,
            "ipv6_netmask_length": null,
            "map_customer_owned_ip_on_launch": false,
            "map_public_ip_on_launch": false,
            "outpost_arn": "",
            "owner_id": "747082607185",
            "private_dns_hostname_type_on_launch": "ip-name",
            "region": "eu-west-3",
            "tags": {
              "Name": "geoffrey_subnet"
            },
            "tags_all": {
              "Name": "geoffrey_subnet"
            },
            "timeouts": null,
            "vpc_id": "vpc-0ebcdb39f7a526ef9"
          },
          "sensitive_attributes": [],
          "identity_schema_version": 0,
          "identity": {
            "account_id": "747082607185",
            "id": "subnet-0b262aa3958b5b1b6",
            "region": "eu-west-3"
          },
          "private": "eyJlMmJmYjczMC1lY2FhLTExZTYtOGY4OC0zNDM2M2JjN2M0YzAiOnsiY3JlYXRlIjo2MDAwMDAwMDAwMDAsImRlbGV0ZSI6MTIwMDAwMDAwMDAwMH0sInNjaGVtYV92ZXJzaW9uIjoiMSJ9"
        }
      ]
    }
  ],
  "check_results": null
}
